
Microsoft Visual Studio Solution File, Format Version 12.00
# Visual Studio Version 16
VisualStudioVersion = 16.0.32106.194
MinimumVisualStudioVersion = 10.0.40219.1
Project("{FAE04EC0-301F-11D3-BF4B-00C04F79EFBC}") = "Kronometre2", "Kronometre2.csproj", "{7ECA68DF-36BB-40CC-9389-3E7B91FEC5DF}"
EndProject
Global
	GlobalSection(SolutionConfigurationPlatforms) = preSolution
		Debug|Any CPU = Debug|Any CPU
		Release|Any CPU = Release|Any CPU
	EndGlobalSection
	GlobalSection(ProjectConfigurationPlatforms) = postSolution
		{7ECA68DF-36BB-40CC-9389-3E7B91FEC5DF}.Debug|Any CPU.ActiveCfg = Debug|Any CPU
		{7ECA68DF-36BB-40CC-9389-3E7B91FEC5DF}.Debug|Any CPU.Build.0 = Debug|Any CPU
		{7ECA68DF-36BB-40CC-9389-3E7B91FEC5DF}.Release|Any CPU.ActiveCfg = Release|Any CPU
		{7ECA68DF-36BB-40CC-9389-3E7B91FEC5DF}.Release|Any CPU.Build.0 = Release|Any CPU
	EndGlobalSection
	GlobalSection(SolutionProperties) = preSolution
		HideSolutionNode = FALSE
	EndGlobalSection
	GlobalSection(ExtensibilityGlobals) = postSolution
		SolutionGuid = {87246BA3-C619-4C64-ADC8-72D603398A28}
	EndGlobalSection
EndGlobal
